// !$*UTF8*$!
{
	archiveVersion = 1;
	classes = {
	};
	objectVersion = 46;
	objects = {

/* Begin PBXBuildFile section */
		3C1212F51A27999800C9F2B9 /* MainViewController.swift in Sources */ = {isa = PBXBuildFile; fileRef = 3C1212F41A27999800C9F2B9 /* MainViewController.swift */; };
		3C1212F71A279A9E00C9F2B9 /* LocalAuthentication.framework in Frameworks */ = {isa = PBXBuildFile; fileRef = 3C1212F61A279A9E00C9F2B9 /* LocalAuthentication.framework */; };
		3C1212F91A279ED100C9F2B9 /* authPhoto.JPG in Resources */ = {isa = PBXBuildFile; fileRef = 3C1212F81A279ED100C9F2B9 /* authPhoto.JPG */; };
		3C7EB41F1A1941BD00FADD1F /* Parse.framework in Frameworks */ = {isa = PBXBuildFile; fileRef = 3C7EB41E1A1941BD00FADD1F /* Parse.framework */; };
		3C7EB4211A1955B700FADD1F /* AccountDetailTableView.swift in Sources */ = {isa = PBXBuildFile; fileRef = 3C7EB4201A1955B700FADD1F /* AccountDetailTableView.swift */; };
		3C7EB4231A196D2100FADD1F /* Hud.swift in Sources */ = {isa = PBXBuildFile; fileRef = 3C7EB4221A196D2100FADD1F /* Hud.swift */; };
		EC09FC341A21657F001E75B0 /* AddSalesItemTableView.swift in Sources */ = {isa = PBXBuildFile; fileRef = EC09FC331A21657F001E75B0 /* AddSalesItemTableView.swift */; };
		EC3379601A216F3B00179F6C /* RecipeDetailTableView.swift in Sources */ = {isa = PBXBuildFile; fileRef = EC33795F1A216F3B00179F6C /* RecipeDetailTableView.swift */; };
		EC3379621A216F4A00179F6C /* AddRecipeTableView.swift in Sources */ = {isa = PBXBuildFile; fileRef = EC3379611A216F4A00179F6C /* AddRecipeTableView.swift */; };
		EC4360EF1A17DA6C0031B198 /* AppDelegate.swift in Sources */ = {isa = PBXBuildFile; fileRef = EC4360EE1A17DA6C0031B198 /* AppDelegate.swift */; };
		EC4360F41A17DA6C0031B198 /* Main.storyboard in Resources */ = {isa = PBXBuildFile; fileRef = EC4360F21A17DA6C0031B198 /* Main.storyboard */; };
		EC4360F61A17DA6C0031B198 /* Images.xcassets in Resources */ = {isa = PBXBuildFile; fileRef = EC4360F51A17DA6C0031B198 /* Images.xcassets */; };
		EC4360F91A17DA6C0031B198 /* LaunchScreen.xib in Resources */ = {isa = PBXBuildFile; fileRef = EC4360F71A17DA6C0031B198 /* LaunchScreen.xib */; };
		EC4361051A17DA6C0031B198 /* TeamBOVTests.swift in Sources */ = {isa = PBXBuildFile; fileRef = EC4361041A17DA6C0031B198 /* TeamBOVTests.swift */; };
		EC4361111A17DAAB0031B198 /* CoreLocation.framework in Frameworks */ = {isa = PBXBuildFile; fileRef = EC4361101A17DAAB0031B198 /* CoreLocation.framework */; };
		EC4361131A17DAB40031B198 /* StoreKit.framework in Frameworks */ = {isa = PBXBuildFile; fileRef = EC4361121A17DAB40031B198 /* StoreKit.framework */; };
		EC4361151A17DABA0031B198 /* CoreGraphics.framework in Frameworks */ = {isa = PBXBuildFile; fileRef = EC4361141A17DABA0031B198 /* CoreGraphics.framework */; };
		EC4361171A17DAC00031B198 /* QuartzCore.framework in Frameworks */ = {isa = PBXBuildFile; fileRef = EC4361161A17DAC00031B198 /* QuartzCore.framework */; };
		EC4361191A17DAC70031B198 /* libz.1.1.3.dylib in Frameworks */ = {isa = PBXBuildFile; fileRef = EC4361181A17DAC70031B198 /* libz.1.1.3.dylib */; };
		EC43611B1A17DACC0031B198 /* Security.framework in Frameworks */ = {isa = PBXBuildFile; fileRef = EC43611A1A17DACC0031B198 /* Security.framework */; };
		EC43611D1A17DAD60031B198 /* AudioToolbox.framework in Frameworks */ = {isa = PBXBuildFile; fileRef = EC43611C1A17DAD60031B198 /* AudioToolbox.framework */; };
		EC43611F1A17DADB0031B198 /* MobileCoreServices.framework in Frameworks */ = {isa = PBXBuildFile; fileRef = EC43611E1A17DADB0031B198 /* MobileCoreServices.framework */; };
		EC4361211A17DAE30031B198 /* SystemConfiguration.framework in Frameworks */ = {isa = PBXBuildFile; fileRef = EC4361201A17DAE30031B198 /* SystemConfiguration.framework */; };
		EC4361231A17DAE70031B198 /* CFNetwork.framework in Frameworks */ = {isa = PBXBuildFile; fileRef = EC4361221A17DAE70031B198 /* CFNetwork.framework */; };
		EC4361251A17DAEE0031B198 /* UIKit.framework in Frameworks */ = {isa = PBXBuildFile; fileRef = EC4361241A17DAEE0031B198 /* UIKit.framework */; };
		EC4361271A17DAF50031B198 /* Foundation.framework in Frameworks */ = {isa = PBXBuildFile; fileRef = EC4361261A17DAF50031B198 /* Foundation.framework */; };
		EC4361341A17DF4E0031B198 /* libz.dylib in Frameworks */ = {isa = PBXBuildFile; fileRef = EC4361331A17DF4E0031B198 /* libz.dylib */; };
		EC4361361A17E06A0031B198 /* Bolts.framework in Frameworks */ = {isa = PBXBuildFile; fileRef = EC4361351A17E06A0031B198 /* Bolts.framework */; };
		EC43613C1A1907220031B198 /* DataSource.swift in Sources */ = {isa = PBXBuildFile; fileRef = EC43613B1A1907220031B198 /* DataSource.swift */; };
		EC580AD91A1931E20059E8A6 /* SelectionTableView.swift in Sources */ = {isa = PBXBuildFile; fileRef = EC580AD81A1931E20059E8A6 /* SelectionTableView.swift */; };
		EC8358431A19A5FC0062908E /* MainTableView.swift in Sources */ = {isa = PBXBuildFile; fileRef = EC8358421A19A5FC0062908E /* MainTableView.swift */; };
		EC8358451A1A4C6E0062908E /* AddAccountTableView.swift in Sources */ = {isa = PBXBuildFile; fileRef = EC8358441A1A4C6E0062908E /* AddAccountTableView.swift */; };
		EC8358471A1A588A0062908E /* CustomNavigationBar.swift in Sources */ = {isa = PBXBuildFile; fileRef = EC8358461A1A588A0062908E /* CustomNavigationBar.swift */; };
		EC9523401A20F4BC00D47EC4 /* AddInventoryCategoryTableView.swift in Sources */ = {isa = PBXBuildFile; fileRef = EC95233F1A20F4BC00D47EC4 /* AddInventoryCategoryTableView.swift */; };
		EC9523421A21010600D47EC4 /* CategoryDetailTableViewController.swift in Sources */ = {isa = PBXBuildFile; fileRef = EC9523411A21010600D47EC4 /* CategoryDetailTableViewController.swift */; };
		EC9523441A210B7900D47EC4 /* AddInventoryItemTableView.swift in Sources */ = {isa = PBXBuildFile; fileRef = EC9523431A210B7900D47EC4 /* AddInventoryItemTableView.swift */; };
		EC9523481A21142D00D47EC4 /* InventoryItemTableView.swift in Sources */ = {isa = PBXBuildFile; fileRef = EC9523471A21142D00D47EC4 /* InventoryItemTableView.swift */; };
		EC95234A1A2139AF00D47EC4 /* SalesSheet.pdf in Resources */ = {isa = PBXBuildFile; fileRef = EC9523491A2139AF00D47EC4 /* SalesSheet.pdf */; };
		EC95234C1A213AA500D47EC4 /* SalesSheetViewController.swift in Sources */ = {isa = PBXBuildFile; fileRef = EC95234B1A213AA500D47EC4 /* SalesSheetViewController.swift */; };
		EC95234F1A214DCC00D47EC4 /* SalesCategoryTableView.swift in Sources */ = {isa = PBXBuildFile; fileRef = EC95234E1A214DCC00D47EC4 /* SalesCategoryTableView.swift */; };
		EC9523511A21571900D47EC4 /* SalesItemTableView.swift in Sources */ = {isa = PBXBuildFile; fileRef = EC9523501A21571900D47EC4 /* SalesItemTableView.swift */; };
		EC9523531A2162DC00D47EC4 /* AddSalesCategoryTableView.swift in Sources */ = {isa = PBXBuildFile; fileRef = EC9523521A2162DC00D47EC4 /* AddSalesCategoryTableView.swift */; };
/* End PBXBuildFile section */

/* Begin PBXContainerItemProxy section */
		EC4360FF1A17DA6C0031B198 /* PBXContainerItemProxy */ = {
			isa = PBXContainerItemProxy;
			containerPortal = EC4360E11A17DA6C0031B198 /* Project object */;
			proxyType = 1;
			remoteGlobalIDString = EC4360E81A17DA6C0031B198;
			remoteInfo = TeamBOV;
		};
/* End PBXContainerItemProxy section */

/* Begin PBXFileReference section */
		3C1212F41A27999800C9F2B9 /* MainViewController.swift */ = {isa = PBXFileReference; fileEncoding = 4; lastKnownFileType = sourcecode.swift; path = MainViewController.swift; sourceTree = "<group>"; };
		3C1212F61A279A9E00C9F2B9 /* LocalAuthentication.framework */ = {isa = PBXFileReference; lastKnownFileType = wrapper.framework; name = LocalAuthentication.framework; path = System/Library/Frameworks/LocalAuthentication.framework; sourceTree = SDKROOT; };
		3C1212F81A279ED100C9F2B9 /* authPhoto.JPG */ = {isa = PBXFileReference; lastKnownFileType = image.jpeg; path = authPhoto.JPG; sourceTree = "<group>"; };
		3C7EB41E1A1941BD00FADD1F /* Parse.framework */ = {isa = PBXFileReference; lastKnownFileType = wrapper.framework; path = Parse.framework; sourceTree = "<group>"; };
		3C7EB4201A1955B700FADD1F /* AccountDetailTableView.swift */ = {isa = PBXFileReference; fileEncoding = 4; lastKnownFileType = sourcecode.swift; path = AccountDetailTableView.swift; sourceTree = "<group>"; };
		3C7EB4221A196D2100FADD1F /* Hud.swift */ = {isa = PBXFileReference; fileEncoding = 4; lastKnownFileType = sourcecode.swift; path = Hud.swift; sourceTree = "<group>"; };
		EC09FC331A21657F001E75B0 /* AddSalesItemTableView.swift */ = {isa = PBXFileReference; fileEncoding = 4; lastKnownFileType = sourcecode.swift; path = AddSalesItemTableView.swift; sourceTree = "<group>"; };
		EC33795F1A216F3B00179F6C /* RecipeDetailTableView.swift */ = {isa = PBXFileReference; fileEncoding = 4; lastKnownFileType = sourcecode.swift; path = RecipeDetailTableView.swift; sourceTree = "<group>"; };
		EC3379611A216F4A00179F6C /* AddRecipeTableView.swift */ = {isa = PBXFileReference; fileEncoding = 4; lastKnownFileType = sourcecode.swift; path = AddRecipeTableView.swift; sourceTree = "<group>"; };
		EC4360E91A17DA6C0031B198 /* TeamBOV.app */ = {isa = PBXFileReference; explicitFileType = wrapper.application; includeInIndex = 0; path = TeamBOV.app; sourceTree = BUILT_PRODUCTS_DIR; };
		EC4360ED1A17DA6C0031B198 /* Info.plist */ = {isa = PBXFileReference; lastKnownFileType = text.plist.xml; path = Info.plist; sourceTree = "<group>"; };
		EC4360EE1A17DA6C0031B198 /* AppDelegate.swift */ = {isa = PBXFileReference; lastKnownFileType = sourcecode.swift; path = AppDelegate.swift; sourceTree = "<group>"; };
		EC4360F31A17DA6C0031B198 /* Base */ = {isa = PBXFileReference; lastKnownFileType = file.storyboard; name = Base; path = Base.lproj/Main.storyboard; sourceTree = "<group>"; };
		EC4360F51A17DA6C0031B198 /* Images.xcassets */ = {isa = PBXFileReference; lastKnownFileType = folder.assetcatalog; path = Images.xcassets; sourceTree = "<group>"; };
		EC4360F81A17DA6C0031B198 /* Base */ = {isa = PBXFileReference; lastKnownFileType = file.xib; name = Base; path = Base.lproj/LaunchScreen.xib; sourceTree = "<group>"; };
		EC4360FE1A17DA6C0031B198 /* TeamBOVTests.xctest */ = {isa = PBXFileReference; explicitFileType = wrapper.cfbundle; includeInIndex = 0; path = TeamBOVTests.xctest; sourceTree = BUILT_PRODUCTS_DIR; };
		EC4361031A17DA6C0031B198 /* Info.plist */ = {isa = PBXFileReference; lastKnownFileType = text.plist.xml; path = Info.plist; sourceTree = "<group>"; };
		EC4361041A17DA6C0031B198 /* TeamBOVTests.swift */ = {isa = PBXFileReference; lastKnownFileType = sourcecode.swift; path = TeamBOVTests.swift; sourceTree = "<group>"; };
		EC4361101A17DAAB0031B198 /* CoreLocation.framework */ = {isa = PBXFileReference; lastKnownFileType = wrapper.framework; name = CoreLocation.framework; path = System/Library/Frameworks/CoreLocation.framework; sourceTree = SDKROOT; };
		EC4361121A17DAB40031B198 /* StoreKit.framework */ = {isa = PBXFileReference; lastKnownFileType = wrapper.framework; name = StoreKit.framework; path = System/Library/Frameworks/StoreKit.framework; sourceTree = SDKROOT; };
		EC4361141A17DABA0031B198 /* CoreGraphics.framework */ = {isa = PBXFileReference; lastKnownFileType = wrapper.framework; name = CoreGraphics.framework; path = System/Library/Frameworks/CoreGraphics.framework; sourceTree = SDKROOT; };
		EC4361161A17DAC00031B198 /* QuartzCore.framework */ = {isa = PBXFileReference; lastKnownFileType = wrapper.framework; name = QuartzCore.framework; path = System/Library/Frameworks/QuartzCore.framework; sourceTree = SDKROOT; };
		EC4361181A17DAC70031B198 /* libz.1.1.3.dylib */ = {isa = PBXFileReference; lastKnownFileType = "compiled.mach-o.dylib"; name = libz.1.1.3.dylib; path = usr/lib/libz.1.1.3.dylib; sourceTree = SDKROOT; };
		EC43611A1A17DACC0031B198 /* Security.framework */ = {isa = PBXFileReference; lastKnownFileType = wrapper.framework; name = Security.framework; path = System/Library/Frameworks/Security.framework; sourceTree = SDKROOT; };
		EC43611C1A17DAD60031B198 /* AudioToolbox.framework */ = {isa = PBXFileReference; lastKnownFileType = wrapper.framework; name = AudioToolbox.framework; path = System/Library/Frameworks/AudioToolbox.framework; sourceTree = SDKROOT; };
		EC43611E1A17DADB0031B198 /* MobileCoreServices.framework */ = {isa = PBXFileReference; lastKnownFileType = wrapper.framework; name = MobileCoreServices.framework; path = System/Library/Frameworks/MobileCoreServices.framework; sourceTree = SDKROOT; };
		EC4361201A17DAE30031B198 /* SystemConfiguration.framework */ = {isa = PBXFileReference; lastKnownFileType = wrapper.framework; name = SystemConfiguration.framework; path = System/Library/Frameworks/SystemConfiguration.framework; sourceTree = SDKROOT; };
		EC4361221A17DAE70031B198 /* CFNetwork.framework */ = {isa = PBXFileReference; lastKnownFileType = wrapper.framework; name = CFNetwork.framework; path = System/Library/Frameworks/CFNetwork.framework; sourceTree = SDKROOT; };
		EC4361241A17DAEE0031B198 /* UIKit.framework */ = {isa = PBXFileReference; lastKnownFileType = wrapper.framework; name = UIKit.framework; path = System/Library/Frameworks/UIKit.framework; sourceTree = SDKROOT; };
		EC4361261A17DAF50031B198 /* Foundation.framework */ = {isa = PBXFileReference; lastKnownFileType = wrapper.framework; name = Foundation.framework; path = System/Library/Frameworks/Foundation.framework; sourceTree = SDKROOT; };
		EC4361321A17DEEA0031B198 /* TeamBOV-Bridging-Header.h */ = {isa = PBXFileReference; lastKnownFileType = sourcecode.c.h; path = "TeamBOV-Bridging-Header.h"; sourceTree = "<group>"; };
		EC4361331A17DF4E0031B198 /* libz.dylib */ = {isa = PBXFileReference; lastKnownFileType = "compiled.mach-o.dylib"; name = libz.dylib; path = usr/lib/libz.dylib; sourceTree = SDKROOT; };
		EC4361351A17E06A0031B198 /* Bolts.framework */ = {isa = PBXFileReference; lastKnownFileType = wrapper.framework; path = Bolts.framework; sourceTree = "<group>"; };
		EC43613B1A1907220031B198 /* DataSource.swift */ = {isa = PBXFileReference; fileEncoding = 4; lastKnownFileType = sourcecode.swift; path = DataSource.swift; sourceTree = "<group>"; };
		EC580AD81A1931E20059E8A6 /* SelectionTableView.swift */ = {isa = PBXFileReference; fileEncoding = 4; lastKnownFileType = sourcecode.swift; path = SelectionTableView.swift; sourceTree = "<group>"; };
		EC8358421A19A5FC0062908E /* MainTableView.swift */ = {isa = PBXFileReference; fileEncoding = 4; lastKnownFileType = sourcecode.swift; path = MainTableView.swift; sourceTree = "<group>"; };
		EC8358441A1A4C6E0062908E /* AddAccountTableView.swift */ = {isa = PBXFileReference; fileEncoding = 4; lastKnownFileType = sourcecode.swift; path = AddAccountTableView.swift; sourceTree = "<group>"; };
		EC8358461A1A588A0062908E /* CustomNavigationBar.swift */ = {isa = PBXFileReference; fileEncoding = 4; lastKnownFileType = sourcecode.swift; path = CustomNavigationBar.swift; sourceTree = "<group>"; };
		EC95233F1A20F4BC00D47EC4 /* AddInventoryCategoryTableView.swift */ = {isa = PBXFileReference; fileEncoding = 4; lastKnownFileType = sourcecode.swift; path = AddInventoryCategoryTableView.swift; sourceTree = "<group>"; };
		EC9523411A21010600D47EC4 /* CategoryDetailTableViewController.swift */ = {isa = PBXFileReference; fileEncoding = 4; lastKnownFileType = sourcecode.swift; path = CategoryDetailTableViewController.swift; sourceTree = "<group>"; };
		EC9523431A210B7900D47EC4 /* AddInventoryItemTableView.swift */ = {isa = PBXFileReference; fileEncoding = 4; lastKnownFileType = sourcecode.swift; path = AddInventoryItemTableView.swift; sourceTree = "<group>"; };
		EC9523471A21142D00D47EC4 /* InventoryItemTableView.swift */ = {isa = PBXFileReference; fileEncoding = 4; lastKnownFileType = sourcecode.swift; path = InventoryItemTableView.swift; sourceTree = "<group>"; };
		EC9523491A2139AF00D47EC4 /* SalesSheet.pdf */ = {isa = PBXFileReference; lastKnownFileType = image.pdf; path = SalesSheet.pdf; sourceTree = "<group>"; };
		EC95234B1A213AA500D47EC4 /* SalesSheetViewController.swift */ = {isa = PBXFileReference; fileEncoding = 4; lastKnownFileType = sourcecode.swift; path = SalesSheetViewController.swift; sourceTree = "<group>"; };
		EC95234E1A214DCC00D47EC4 /* SalesCategoryTableView.swift */ = {isa = PBXFileReference; fileEncoding = 4; lastKnownFileType = sourcecode.swift; path = SalesCategoryTableView.swift; sourceTree = "<group>"; };
		EC9523501A21571900D47EC4 /* SalesItemTableView.swift */ = {isa = PBXFileReference; fileEncoding = 4; lastKnownFileType = sourcecode.swift; path = SalesItemTableView.swift; sourceTree = "<group>"; };
		EC9523521A2162DC00D47EC4 /* AddSalesCategoryTableView.swift */ = {isa = PBXFileReference; fileEncoding = 4; lastKnownFileType = sourcecode.swift; path = AddSalesCategoryTableView.swift; sourceTree = "<group>"; };
/* End PBXFileReference section */

/* Begin PBXFrameworksBuildPhase section */
		EC4360E61A17DA6C0031B198 /* Frameworks */ = {
			isa = PBXFrameworksBuildPhase;
			buildActionMask = 2147483647;
			files = (
				3C1212F71A279A9E00C9F2B9 /* LocalAuthentication.framework in Frameworks */,
				EC4361361A17E06A0031B198 /* Bolts.framework in Frameworks */,
				EC4361341A17DF4E0031B198 /* libz.dylib in Frameworks */,
				EC4361271A17DAF50031B198 /* Foundation.framework in Frameworks */,
				EC4361251A17DAEE0031B198 /* UIKit.framework in Frameworks */,
				EC4361231A17DAE70031B198 /* CFNetwork.framework in Frameworks */,
				EC4361211A17DAE30031B198 /* SystemConfiguration.framework in Frameworks */,
				3C7EB41F1A1941BD00FADD1F /* Parse.framework in Frameworks */,
				EC43611F1A17DADB0031B198 /* MobileCoreServices.framework in Frameworks */,
				EC43611D1A17DAD60031B198 /* AudioToolbox.framework in Frameworks */,
				EC43611B1A17DACC0031B198 /* Security.framework in Frameworks */,
				EC4361191A17DAC70031B198 /* libz.1.1.3.dylib in Frameworks */,
				EC4361171A17DAC00031B198 /* QuartzCore.framework in Frameworks */,
				EC4361151A17DABA0031B198 /* CoreGraphics.framework in Frameworks */,
				EC4361131A17DAB40031B198 /* StoreKit.framework in Frameworks */,
				EC4361111A17DAAB0031B198 /* CoreLocation.framework in Frameworks */,
			);
			runOnlyForDeploymentPostprocessing = 0;
		};
		EC4360FB1A17DA6C0031B198 /* Frameworks */ = {
			isa = PBXFrameworksBuildPhase;
			buildActionMask = 2147483647;
			files = (
			);
			runOnlyForDeploymentPostprocessing = 0;
		};
/* End PBXFrameworksBuildPhase section */

/* Begin PBXGroup section */
		EC33795E1A216F2500179F6C /* Recipes */ = {
			isa = PBXGroup;
			children = (
				EC33795F1A216F3B00179F6C /* RecipeDetailTableView.swift */,
				EC3379611A216F4A00179F6C /* AddRecipeTableView.swift */,
			);
			name = Recipes;
			sourceTree = "<group>";
		};
		EC4360E01A17DA6C0031B198 = {
			isa = PBXGroup;
			children = (
				EC4360EB1A17DA6C0031B198 /* TeamBOV */,
				EC4361011A17DA6C0031B198 /* TeamBOVTests */,
				EC4361281A17DB120031B198 /* Frameworks */,
				EC4360EA1A17DA6C0031B198 /* Products */,
			);
			sourceTree = "<group>";
		};
		EC4360EA1A17DA6C0031B198 /* Products */ = {
			isa = PBXGroup;
			children = (
				EC4360E91A17DA6C0031B198 /* TeamBOV.app */,
				EC4360FE1A17DA6C0031B198 /* TeamBOVTests.xctest */,
			);
			name = Products;
			sourceTree = "<group>";
		};
		EC4360EB1A17DA6C0031B198 /* TeamBOV */ = {
			isa = PBXGroup;
			children = (
				EC4360EE1A17DA6C0031B198 /* AppDelegate.swift */,
				EC43613B1A1907220031B198 /* DataSource.swift */,
				3C1212F41A27999800C9F2B9 /* MainViewController.swift */,
				EC8358421A19A5FC0062908E /* MainTableView.swift */,
				EC580AD81A1931E20059E8A6 /* SelectionTableView.swift */,
				EC4360F21A17DA6C0031B198 /* Main.storyboard */,
				EC95234B1A213AA500D47EC4 /* SalesSheetViewController.swift */,
				EC33795E1A216F2500179F6C /* Recipes */,
				EC9523461A2113EB00D47EC4 /* Accounts */,
				EC9523451A2113D800D47EC4 /* Inventory */,
				EC95234D1A21479300D47EC4 /* Sales */,
				EC4360F51A17DA6C0031B198 /* Images.xcassets */,
				EC4360F71A17DA6C0031B198 /* LaunchScreen.xib */,
				EC4360EC1A17DA6C0031B198 /* Supporting Files */,
			);
			path = TeamBOV;
			sourceTree = "<group>";
		};
		EC4360EC1A17DA6C0031B198 /* Supporting Files */ = {
			isa = PBXGroup;
			children = (
				3C1212F81A279ED100C9F2B9 /* authPhoto.JPG */,
				EC9523491A2139AF00D47EC4 /* SalesSheet.pdf */,
				EC8358461A1A588A0062908E /* CustomNavigationBar.swift */,
				3C7EB4221A196D2100FADD1F /* Hud.swift */,
				EC4361321A17DEEA0031B198 /* TeamBOV-Bridging-Header.h */,
				EC4360ED1A17DA6C0031B198 /* Info.plist */,
			);
			name = "Supporting Files";
			sourceTree = "<group>";
		};
		EC4361011A17DA6C0031B198 /* TeamBOVTests */ = {
			isa = PBXGroup;
			children = (
				EC4361041A17DA6C0031B198 /* TeamBOVTests.swift */,
				EC4361021A17DA6C0031B198 /* Supporting Files */,
			);
			path = TeamBOVTests;
			sourceTree = "<group>";
		};
		EC4361021A17DA6C0031B198 /* Supporting Files */ = {
			isa = PBXGroup;
			children = (
				EC4361031A17DA6C0031B198 /* Info.plist */,
			);
			name = "Supporting Files";
			sourceTree = "<group>";
		};
		EC4361281A17DB120031B198 /* Frameworks */ = {
			isa = PBXGroup;
			children = (
				3C1212F61A279A9E00C9F2B9 /* LocalAuthentication.framework */,
				EC4361351A17E06A0031B198 /* Bolts.framework */,
				EC4361331A17DF4E0031B198 /* libz.dylib */,
				EC4361261A17DAF50031B198 /* Foundation.framework */,
				EC4361241A17DAEE0031B198 /* UIKit.framework */,
				EC4361221A17DAE70031B198 /* CFNetwork.framework */,
				EC4361201A17DAE30031B198 /* SystemConfiguration.framework */,
				EC43611E1A17DADB0031B198 /* MobileCoreServices.framework */,
				EC43611C1A17DAD60031B198 /* AudioToolbox.framework */,
				EC43611A1A17DACC0031B198 /* Security.framework */,
				EC4361181A17DAC70031B198 /* libz.1.1.3.dylib */,
				EC4361161A17DAC00031B198 /* QuartzCore.framework */,
				EC4361141A17DABA0031B198 /* CoreGraphics.framework */,
				EC4361121A17DAB40031B198 /* StoreKit.framework */,
				EC4361101A17DAAB0031B198 /* CoreLocation.framework */,
				3C7EB41E1A1941BD00FADD1F /* Parse.framework */,
			);
			name = Frameworks;
			sourceTree = "<group>";
		};
		EC9523451A2113D800D47EC4 /* Inventory */ = {
			isa = PBXGroup;
			children = (
				EC9523411A21010600D47EC4 /* CategoryDetailTableViewController.swift */,
				EC95233F1A20F4BC00D47EC4 /* AddInventoryCategoryTableView.swift */,
				EC9523471A21142D00D47EC4 /* InventoryItemTableView.swift */,
				EC9523431A210B7900D47EC4 /* AddInventoryItemTableView.swift */,
			);
			name = Inventory;
			sourceTree = "<group>";
		};
		EC9523461A2113EB00D47EC4 /* Accounts */ = {
			isa = PBXGroup;
			children = (
				3C7EB4201A1955B700FADD1F /* AccountDetailTableView.swift */,
				EC8358441A1A4C6E0062908E /* AddAccountTableView.swift */,
			);
			name = Accounts;
			sourceTree = "<group>";
		};
		EC95234D1A21479300D47EC4 /* Sales */ = {
			isa = PBXGroup;
			children = (
				EC95234E1A214DCC00D47EC4 /* SalesCategoryTableView.swift */,
				EC9523521A2162DC00D47EC4 /* AddSalesCategoryTableView.swift */,
				EC9523501A21571900D47EC4 /* SalesItemTableView.swift */,
				EC09FC331A21657F001E75B0 /* AddSalesItemTableView.swift */,
			);
			name = Sales;
			sourceTree = "<group>";
		};
/* End PBXGroup section */

/* Begin PBXNativeTarget section */
		EC4360E81A17DA6C0031B198 /* TeamBOV */ = {
			isa = PBXNativeTarget;
			buildConfigurationList = EC4361081A17DA6C0031B198 /* Build configuration list for PBXNativeTarget "TeamBOV" */;
			buildPhases = (
				EC4360E51A17DA6C0031B198 /* Sources */,
				EC4360E61A17DA6C0031B198 /* Frameworks */,
				EC4360E71A17DA6C0031B198 /* Resources */,
			);
			buildRules = (
			);
			dependencies = (
			);
			name = TeamBOV;
			productName = TeamBOV;
			productReference = EC4360E91A17DA6C0031B198 /* TeamBOV.app */;
			productType = "com.apple.product-type.application";
		};
		EC4360FD1A17DA6C0031B198 /* TeamBOVTests */ = {
			isa = PBXNativeTarget;
			buildConfigurationList = EC43610B1A17DA6C0031B198 /* Build configuration list for PBXNativeTarget "TeamBOVTests" */;
			buildPhases = (
				EC4360FA1A17DA6C0031B198 /* Sources */,
				EC4360FB1A17DA6C0031B198 /* Frameworks */,
				EC4360FC1A17DA6C0031B198 /* Resources */,
			);
			buildRules = (
			);
			dependencies = (
				EC4361001A17DA6C0031B198 /* PBXTargetDependency */,
			);
			name = TeamBOVTests;
			productName = TeamBOVTests;
			productReference = EC4360FE1A17DA6C0031B198 /* TeamBOVTests.xctest */;
			productType = "com.apple.product-type.bundle.unit-test";
		};
/* End PBXNativeTarget section */

/* Begin PBXProject section */
		EC4360E11A17DA6C0031B198 /* Project object */ = {
			isa = PBXProject;
			attributes = {
				LastUpgradeCheck = 0610;
				ORGANIZATIONNAME = "Blue Owl Labs";
				TargetAttributes = {
					EC4360E81A17DA6C0031B198 = {
						CreatedOnToolsVersion = 6.1;
						DevelopmentTeam = DZGKZW4Z6F;
					};
					EC4360FD1A17DA6C0031B198 = {
						CreatedOnToolsVersion = 6.1;
						TestTargetID = EC4360E81A17DA6C0031B198;
					};
				};
			};
			buildConfigurationList = EC4360E41A17DA6C0031B198 /* Build configuration list for PBXProject "TeamBOV" */;
			compatibilityVersion = "Xcode 3.2";
			developmentRegion = English;
			hasScannedForEncodings = 0;
			knownRegions = (
				en,
				Base,
			);
			mainGroup = EC4360E01A17DA6C0031B198;
			productRefGroup = EC4360EA1A17DA6C0031B198 /* Products */;
			projectDirPath = "";
			projectRoot = "";
			targets = (
				EC4360E81A17DA6C0031B198 /* TeamBOV */,
				EC4360FD1A17DA6C0031B198 /* TeamBOVTests */,
			);
		};
/* End PBXProject section */

/* Begin PBXResourcesBuildPhase section */
		EC4360E71A17DA6C0031B198 /* Resources */ = {
			isa = PBXResourcesBuildPhase;
			buildActionMask = 2147483647;
			files = (
				EC4360F41A17DA6C0031B198 /* Main.storyboard in Resources */,
				EC4360F91A17DA6C0031B198 /* LaunchScreen.xib in Resources */,
				EC4360F61A17DA6C0031B198 /* Images.xcassets in Resources */,
				3C1212F91A279ED100C9F2B9 /* authPhoto.JPG in Resources */,
				EC95234A1A2139AF00D47EC4 /* SalesSheet.pdf in Resources */,
			);
			runOnlyForDeploymentPostprocessing = 0;
		};
		EC4360FC1A17DA6C0031B198 /* Resources */ = {
			isa = PBXResourcesBuildPhase;
			buildActionMask = 2147483647;
			files = (
			);
			runOnlyForDeploymentPostprocessing = 0;
		};
/* End PBXResourcesBuildPhase section */

/* Begin PBXSourcesBuildPhase section */
		EC4360E51A17DA6C0031B198 /* Sources */ = {
			isa = PBXSourcesBuildPhase;
			buildActionMask = 2147483647;
			files = (
				EC43613C1A1907220031B198 /* DataSource.swift in Sources */,
				3C7EB4231A196D2100FADD1F /* Hud.swift in Sources */,
				EC9523441A210B7900D47EC4 /* AddInventoryItemTableView.swift in Sources */,
				EC8358471A1A588A0062908E /* CustomNavigationBar.swift in Sources */,
				EC3379601A216F3B00179F6C /* RecipeDetailTableView.swift in Sources */,
				EC95234C1A213AA500D47EC4 /* SalesSheetViewController.swift in Sources */,
				EC9523401A20F4BC00D47EC4 /* AddInventoryCategoryTableView.swift in Sources */,
				EC580AD91A1931E20059E8A6 /* SelectionTableView.swift in Sources */,
				3C7EB4211A1955B700FADD1F /* AccountDetailTableView.swift in Sources */,
				EC9523511A21571900D47EC4 /* SalesItemTableView.swift in Sources */,
				EC3379621A216F4A00179F6C /* AddRecipeTableView.swift in Sources */,
				EC09FC341A21657F001E75B0 /* AddSalesItemTableView.swift in Sources */,
				EC8358451A1A4C6E0062908E /* AddAccountTableView.swift in Sources */,
				EC8358431A19A5FC0062908E /* MainTableView.swift in Sources */,
				EC9523421A21010600D47EC4 /* CategoryDetailTableViewController.swift in Sources */,
				EC9523531A2162DC00D47EC4 /* AddSalesCategoryTableView.swift in Sources */,
				EC4360EF1A17DA6C0031B198 /* AppDelegate.swift in Sources */,
				EC95234F1A214DCC00D47EC4 /* SalesCategoryTableView.swift in Sources */,
				EC9523481A21142D00D47EC4 /* InventoryItemTableView.swift in Sources */,
				3C1212F51A27999800C9F2B9 /* MainViewController.swift in Sources */,
			);
			runOnlyForDeploymentPostprocessing = 0;
		};
		EC4360FA1A17DA6C0031B198 /* Sources */ = {
			isa = PBXSourcesBuildPhase;
			buildActionMask = 2147483647;
			files = (
				EC4361051A17DA6C0031B198 /* TeamBOVTests.swift in Sources */,
			);
			runOnlyForDeploymentPostprocessing = 0;
		};
/* End PBXSourcesBuildPhase section */

/* Begin PBXTargetDependency section */
		EC4361001A17DA6C0031B198 /* PBXTargetDependency */ = {
			isa = PBXTargetDependency;
			target = EC4360E81A17DA6C0031B198 /* TeamBOV */;
			targetProxy = EC4360FF1A17DA6C0031B198 /* PBXContainerItemProxy */;
		};
/* End PBXTargetDependency section */

/* Begin PBXVariantGroup section */
		EC4360F21A17DA6C0031B198 /* Main.storyboard */ = {
			isa = PBXVariantGroup;
			children = (
				EC4360F31A17DA6C0031B198 /* Base */,
			);
			name = Main.storyboard;
			sourceTree = "<group>";
		};
		EC4360F71A17DA6C0031B198 /* LaunchScreen.xib */ = {
			isa = PBXVariantGroup;
			children = (
				EC4360F81A17DA6C0031B198 /* Base */,
			);
			name = LaunchScreen.xib;
			sourceTree = "<group>";
		};
/* End PBXVariantGroup section */

/* Begin XCBuildConfiguration section */
		EC4361061A17DA6C0031B198 /* Debug */ = {
			isa = XCBuildConfiguration;
			buildSettings = {
				ALWAYS_SEARCH_USER_PATHS = NO;
				CLANG_CXX_LANGUAGE_STANDARD = "gnu++0x";
				CLANG_CXX_LIBRARY = "libc++";
				CLANG_ENABLE_MODULES = YES;
				CLANG_ENABLE_OBJC_ARC = YES;
				CLANG_WARN_BOOL_CONVERSION = YES;
				CLANG_WARN_CONSTANT_CONVERSION = YES;
				CLANG_WARN_DIRECT_OBJC_ISA_USAGE = YES_ERROR;
				CLANG_WARN_EMPTY_BODY = YES;
				CLANG_WARN_ENUM_CONVERSION = YES;
				CLANG_WARN_INT_CONVERSION = YES;
				CLANG_WARN_OBJC_ROOT_CLASS = YES_ERROR;
				CLANG_WARN_UNREACHABLE_CODE = YES;
				CLANG_WARN__DUPLICATE_METHOD_MATCH = YES;
				"CODE_SIGN_IDENTITY[sdk=iphoneos*]" = "iPhone Developer";
				COPY_PHASE_STRIP = NO;
				ENABLE_STRICT_OBJC_MSGSEND = YES;
				GCC_C_LANGUAGE_STANDARD = gnu99;
				GCC_DYNAMIC_NO_PIC = NO;
				GCC_OPTIMIZATION_LEVEL = 0;
				GCC_PREPROCESSOR_DEFINITIONS = (
					"DEBUG=1",
					"$(inherited)",
				);
				GCC_SYMBOLS_PRIVATE_EXTERN = NO;
				GCC_WARN_64_TO_32_BIT_CONVERSION = YES;
				GCC_WARN_ABOUT_RETURN_TYPE = YES_ERROR;
				GCC_WARN_UNDECLARED_SELECTOR = YES;
				GCC_WARN_UNINITIALIZED_AUTOS = YES_AGGRESSIVE;
				GCC_WARN_UNUSED_FUNCTION = YES;
				GCC_WARN_UNUSED_VARIABLE = YES;
				IPHONEOS_DEPLOYMENT_TARGET = 8.1;
				MTL_ENABLE_DEBUG_INFO = YES;
				ONLY_ACTIVE_ARCH = YES;
				SDKROOT = iphoneos;
				SWIFT_OPTIMIZATION_LEVEL = "-Onone";
				TARGETED_DEVICE_FAMILY = "1,2";
			};
			name = Debug;
		};
		EC4361071A17DA6C0031B198 /* Release */ = {
			isa = XCBuildConfiguration;
			buildSettings = {
				ALWAYS_SEARCH_USER_PATHS = NO;
				CLANG_CXX_LANGUAGE_STANDARD = "gnu++0x";
				CLANG_CXX_LIBRARY = "libc++";
				CLANG_ENABLE_MODULES = YES;
				CLANG_ENABLE_OBJC_ARC = YES;
				CLANG_WARN_BOOL_CONVERSION = YES;
				CLANG_WARN_CONSTANT_CONVERSION = YES;
				CLANG_WARN_DIRECT_OBJC_ISA_USAGE = YES_ERROR;
				CLANG_WARN_EMPTY_BODY = YES;
				CLANG_WARN_ENUM_CONVERSION = YES;
				CLANG_WARN_INT_CONVERSION = YES;
				CLANG_WARN_OBJC_ROOT_CLASS = YES_ERROR;
				CLANG_WARN_UNREACHABLE_CODE = YES;
				CLANG_WARN__DUPLICATE_METHOD_MATCH = YES;
				"CODE_SIGN_IDENTITY[sdk=iphoneos*]" = "iPhone Developer";
				COPY_PHASE_STRIP = YES;
				ENABLE_NS_ASSERTIONS = NO;
				ENABLE_STRICT_OBJC_MSGSEND = YES;
				GCC_C_LANGUAGE_STANDARD = gnu99;
				GCC_WARN_64_TO_32_BIT_CONVERSION = YES;
				GCC_WARN_ABOUT_RETURN_TYPE = YES_ERROR;
				GCC_WARN_UNDECLARED_SELECTOR = YES;
				GCC_WARN_UNINITIALIZED_AUTOS = YES_AGGRESSIVE;
				GCC_WARN_UNUSED_FUNCTION = YES;
				GCC_WARN_UNUSED_VARIABLE = YES;
				IPHONEOS_DEPLOYMENT_TARGET = 8.1;
				MTL_ENABLE_DEBUG_INFO = NO;
				SDKROOT = iphoneos;
				TARGETED_DEVICE_FAMILY = "1,2";
				VALIDATE_PRODUCT = YES;
			};
			name = Release;
		};
		EC4361091A17DA6C0031B198 /* Debug */ = {
			isa = XCBuildConfiguration;
			buildSettings = {
				ASSETCATALOG_COMPILER_APPICON_NAME = AppIcon;
				CLANG_ENABLE_MODULES = YES;
				CODE_SIGN_IDENTITY = "iPhone Developer";
				FRAMEWORK_SEARCH_PATHS = (
					"$(inherited)",
					/Users/stephenkyles/Downloads/ParseStarterProject,
					"$(PROJECT_DIR)",
				);
				INFOPLIST_FILE = TeamBOV/Info.plist;
				LD_RUNPATH_SEARCH_PATHS = "$(inherited) @executable_path/Frameworks";
				PRODUCT_NAME = "$(TARGET_NAME)";
				SWIFT_OBJC_BRIDGING_HEADER = "TeamBOV/TeamBOV-Bridging-Header.h";
				SWIFT_OPTIMIZATION_LEVEL = "-Onone";
				TARGETED_DEVICE_FAMILY = 1;
			};
			name = Debug;
		};
		EC43610A1A17DA6C0031B198 /* Release */ = {
			isa = XCBuildConfiguration;
			buildSettings = {
				ASSETCATALOG_COMPILER_APPICON_NAME = AppIcon;
				CLANG_ENABLE_MODULES = YES;
				CODE_SIGN_IDENTITY = "iPhone Developer";
				FRAMEWORK_SEARCH_PATHS = (
					"$(inherited)",
					/Users/stephenkyles/Downloads/ParseStarterProject,
					"$(PROJECT_DIR)",
				);
				INFOPLIST_FILE = TeamBOV/Info.plist;
				LD_RUNPATH_SEARCH_PATHS = "$(inherited) @executable_path/Frameworks";
				PRODUCT_NAME = "$(TARGET_NAME)";
				SWIFT_OBJC_BRIDGING_HEADER = "TeamBOV/TeamBOV-Bridging-Header.h";
				TARGETED_DEVICE_FAMILY = 1;
			};
			name = Release;
		};
		EC43610C1A17DA6C0031B198 /* Debug */ = {
			isa = XCBuildConfiguration;
			buildSettings = {
				BUNDLE_LOADER = "$(TEST_HOST)";
				FRAMEWORK_SEARCH_PATHS = (
					"$(SDKROOT)/Developer/Library/Frameworks",
					"$(inherited)",
				);
				GCC_PREPROCESSOR_DEFINITIONS = (
					"DEBUG=1",
					"$(inherited)",
				);
				INFOPLIST_FILE = TeamBOVTests/Info.plist;
				LD_RUNPATH_SEARCH_PATHS = "$(inherited) @executable_path/Frameworks @loader_path/Frameworks";
				PRODUCT_NAME = "$(TARGET_NAME)";
				TEST_HOST = "$(BUILT_PRODUCTS_DIR)/TeamBOV.app/TeamBOV";
			};
			name = Debug;
		};
		EC43610D1A17DA6C0031B198 /* Release */ = {
			isa = XCBuildConfiguration;
			buildSettings = {
				BUNDLE_LOADER = "$(TEST_HOST)";
				FRAMEWORK_SEARCH_PATHS = (
					"$(SDKROOT)/Developer/Library/Frameworks",
					"$(inherited)",
				);
				INFOPLIST_FILE = TeamBOVTests/Info.plist;
				LD_RUNPATH_SEARCH_PATHS = "$(inherited) @executable_path/Frameworks @loader_path/Frameworks";
				PRODUCT_NAME = "$(TARGET_NAME)";
				TEST_HOST = "$(BUILT_PRODUCTS_DIR)/TeamBOV.app/TeamBOV";
			};
			name = Release;
		};
/* End XCBuildConfiguration section */

/* Begin XCConfigurationList section */
		EC4360E41A17DA6C0031B198 /* Build configuration list for PBXProject "TeamBOV" */ = {
			isa = XCConfigurationList;
			buildConfigurations = (
				EC4361061A17DA6C0031B198 /* Debug */,
				EC4361071A17DA6C0031B198 /* Release */,
			);
			defaultConfigurationIsVisible = 0;
			defaultConfigurationName = Release;
		};
		EC4361081A17DA6C0031B198 /* Build configuration list for PBXNativeTarget "TeamBOV" */ = {
			isa = XCConfigurationList;
			buildConfigurations = (
				EC4361091A17DA6C0031B198 /* Debug */,
				EC43610A1A17DA6C0031B198 /* Release */,
			);
			defaultConfigurationIsVisible = 0;
			defaultConfigurationName = Release;
		};
		EC43610B1A17DA6C0031B198 /* Build configuration list for PBXNativeTarget "TeamBOVTests" */ = {
			isa = XCConfigurationList;
			buildConfigurations = (
				EC43610C1A17DA6C0031B198 /* Debug */,
				EC43610D1A17DA6C0031B198 /* Release */,
			);
			defaultConfigurationIsVisible = 0;
			defaultConfigurationName = Release;
		};
/* End XCConfigurationList section */
	};
	rootObject = EC4360E11A17DA6C0031B198 /* Project object */;
}
